// !$*UTF8*$!
{
	archiveVersion = 1;
	classes = {
	};
	objectVersion = 51;
	objects = {

/* Begin PBXBuildFile section */
		193B5B0E3A4BDC40C501FB53 /* Pods_MobileSpeed.framework in Frameworks */ = {isa = PBXBuildFile; fileRef = 1C8C37C91FA07B75BA6D84B4 /* Pods_MobileSpeed.framework */; };
		820BD215248F83D4008D07DB /* MobileSpeedLib.framework in Frameworks */ = {isa = PBXBuildFile; fileRef = 820BD214248F83D4008D07DB /* MobileSpeedLib.framework */; };
		825B5C8B247FAC9200F25260 /* libc++.tbd in Frameworks */ = {isa = PBXBuildFile; fileRef = 825B5C8A247FAC8A00F25260 /* libc++.tbd */; };
		82AE4520245138E300DEFD98 /* SpeedTestViewController.m in Sources */ = {isa = PBXBuildFile; fileRef = 82AE451F245138E300DEFD98 /* SpeedTestViewController.m */; };
		82CEB33F247F9EC6006DA307 /* CFNetwork.framework in Frameworks */ = {isa = PBXBuildFile; fileRef = 82CEB33E247F9EC6006DA307 /* CFNetwork.framework */; };
		82CEB345247F9EEA006DA307 /* CoreGraphics.framework in Frameworks */ = {isa = PBXBuildFile; fileRef = 82CEB344247F9EEA006DA307 /* CoreGraphics.framework */; };
		82CEB347247F9EF8006DA307 /* Foundation.framework in Frameworks */ = {isa = PBXBuildFile; fileRef = 82CEB346247F9EF8006DA307 /* Foundation.framework */; };
		82E5FD2A2607514300FE1296 /* Security.framework in Frameworks */ = {isa = PBXBuildFile; fileRef = 82CEB342247F9EDE006DA307 /* Security.framework */; };
		82E5FD2B2607514A00FE1296 /* QuartzCore.framework in Frameworks */ = {isa = PBXBuildFile; fileRef = 82CEB340247F9ECD006DA307 /* QuartzCore.framework */; };
		82E99BE4244FE8950006FED0 /* AppDelegate.m in Sources */ = {isa = PBXBuildFile; fileRef = 82E99BE3244FE8950006FED0 /* AppDelegate.m */; };
		82E99BE7244FE8950006FED0 /* SceneDelegate.m in Sources */ = {isa = PBXBuildFile; fileRef = 82E99BE6244FE8950006FED0 /* SceneDelegate.m */; };
		82E99BEA244FE8950006FED0 /* ViewController.m in Sources */ = {isa = PBXBuildFile; fileRef = 82E99BE9244FE8950006FED0 /* ViewController.m */; };
		82E99BED244FE8960006FED0 /* Main.storyboard in Resources */ = {isa = PBXBuildFile; fileRef = 82E99BEB244FE8950006FED0 /* Main.storyboard */; };
		82E99BEF244FE89C0006FED0 /* Assets.xcassets in Resources */ = {isa = PBXBuildFile; fileRef = 82E99BEE244FE89C0006FED0 /* Assets.xcassets */; };
		82E99BF2244FE89C0006FED0 /* LaunchScreen.storyboard in Resources */ = {isa = PBXBuildFile; fileRef = 82E99BF0244FE89C0006FED0 /* LaunchScreen.storyboard */; };
		82E99BF5244FE89C0006FED0 /* main.m in Sources */ = {isa = PBXBuildFile; fileRef = 82E99BF4244FE89C0006FED0 /* main.m */; };
		82E99C0024503CEC0006FED0 /* CoreTelephony.framework in Frameworks */ = {isa = PBXBuildFile; fileRef = 82E99BFF24503CEC0006FED0 /* CoreTelephony.framework */; };
/* End PBXBuildFile section */

/* Begin PBXFileReference section */
		1C8C37C91FA07B75BA6D84B4 /* Pods_MobileSpeed.framework */ = {isa = PBXFileReference; explicitFileType = wrapper.framework; includeInIndex = 0; path = Pods_MobileSpeed.framework; sourceTree = BUILT_PRODUCTS_DIR; };
		443B6810F3DE687332A8FB14 /* Pods-MobileSpeed.release.xcconfig */ = {isa = PBXFileReference; includeInIndex = 1; lastKnownFileType = text.xcconfig; name = "Pods-MobileSpeed.release.xcconfig"; path = "Target Support Files/Pods-MobileSpeed/Pods-MobileSpeed.release.xcconfig"; sourceTree = "<group>"; };
		8205C2DA25E65E8000ED4533 /* MobileSpeed-Bridging-Header.h */ = {isa = PBXFileReference; lastKnownFileType = sourcecode.c.h; path = "MobileSpeed-Bridging-Header.h"; sourceTree = "<group>"; };
		820BD214248F83D4008D07DB /* MobileSpeedLib.framework */ = {isa = PBXFileReference; explicitFileType = wrapper.framework; path = MobileSpeedLib.framework; sourceTree = BUILT_PRODUCTS_DIR; };
		8232338D248601F2005E2C0D /* MobileSpeedLib.framework */ = {isa = PBXFileReference; lastKnownFileType = wrapper.framework; path = MobileSpeedLib.framework; sourceTree = "<group>"; };
		825B5C86247FABA100F25260 /* libstdc++.6.0.9.tbd */ = {isa = PBXFileReference; lastKnownFileType = "sourcecode.text-based-dylib-definition"; name = "libstdc++.6.0.9.tbd"; path = "usr/lib/libstdc++.6.0.9.tbd"; sourceTree = SDKROOT; };
		825B5C8A247FAC8A00F25260 /* libc++.tbd */ = {isa = PBXFileReference; lastKnownFileType = "sourcecode.text-based-dylib-definition"; name = "libc++.tbd"; path = "usr/lib/libc++.tbd"; sourceTree = SDKROOT; };
		82AE451E245138E300DEFD98 /* SpeedTestViewController.h */ = {isa = PBXFileReference; lastKnownFileType = sourcecode.c.h; path = SpeedTestViewController.h; sourceTree = "<group>"; };
		82AE451F245138E300DEFD98 /* SpeedTestViewController.m */ = {isa = PBXFileReference; lastKnownFileType = sourcecode.c.objc; path = SpeedTestViewController.m; sourceTree = "<group>"; };
		82CEB33E247F9EC6006DA307 /* CFNetwork.framework */ = {isa = PBXFileReference; lastKnownFileType = wrapper.framework; name = CFNetwork.framework; path = System/Library/Frameworks/CFNetwork.framework; sourceTree = SDKROOT; };
		82CEB340247F9ECD006DA307 /* QuartzCore.framework */ = {isa = PBXFileReference; lastKnownFileType = wrapper.framework; name = QuartzCore.framework; path = System/Library/Frameworks/QuartzCore.framework; sourceTree = SDKROOT; };
		82CEB342247F9EDE006DA307 /* Security.framework */ = {isa = PBXFileReference; lastKnownFileType = wrapper.framework; name = Security.framework; path = System/Library/Frameworks/Security.framework; sourceTree = SDKROOT; };
		82CEB344247F9EEA006DA307 /* CoreGraphics.framework */ = {isa = PBXFileReference; lastKnownFileType = wrapper.framework; name = CoreGraphics.framework; path = System/Library/Frameworks/CoreGraphics.framework; sourceTree = SDKROOT; };
		82CEB346247F9EF8006DA307 /* Foundation.framework */ = {isa = PBXFileReference; lastKnownFileType = wrapper.framework; name = Foundation.framework; path = System/Library/Frameworks/Foundation.framework; sourceTree = SDKROOT; };
		82E99BDF244FE8950006FED0 /* MobileSpeed.app */ = {isa = PBXFileReference; explicitFileType = wrapper.application; includeInIndex = 0; path = MobileSpeed.app; sourceTree = BUILT_PRODUCTS_DIR; };
		82E99BE2244FE8950006FED0 /* AppDelegate.h */ = {isa = PBXFileReference; lastKnownFileType = sourcecode.c.h; path = AppDelegate.h; sourceTree = "<group>"; };
		82E99BE3244FE8950006FED0 /* AppDelegate.m */ = {isa = PBXFileReference; lastKnownFileType = sourcecode.c.objc; path = AppDelegate.m; sourceTree = "<group>"; };
		82E99BE5244FE8950006FED0 /* SceneDelegate.h */ = {isa = PBXFileReference; lastKnownFileType = sourcecode.c.h; path = SceneDelegate.h; sourceTree = "<group>"; };
		82E99BE6244FE8950006FED0 /* SceneDelegate.m */ = {isa = PBXFileReference; lastKnownFileType = sourcecode.c.objc; path = SceneDelegate.m; sourceTree = "<group>"; };
		82E99BE8244FE8950006FED0 /* ViewController.h */ = {isa = PBXFileReference; lastKnownFileType = sourcecode.c.h; path = ViewController.h; sourceTree = "<group>"; };
		82E99BE9244FE8950006FED0 /* ViewController.m */ = {isa = PBXFileReference; lastKnownFileType = sourcecode.c.objc; path = ViewController.m; sourceTree = "<group>"; };
		82E99BEC244FE8950006FED0 /* Base */ = {isa = PBXFileReference; lastKnownFileType = file.storyboard; name = Base; path = Base.lproj/Main.storyboard; sourceTree = "<group>"; };
		82E99BEE244FE89C0006FED0 /* Assets.xcassets */ = {isa = PBXFileReference; lastKnownFileType = folder.assetcatalog; path = Assets.xcassets; sourceTree = "<group>"; };
		82E99BF1244FE89C0006FED0 /* Base */ = {isa = PBXFileReference; lastKnownFileType = file.storyboard; name = Base; path = Base.lproj/LaunchScreen.storyboard; sourceTree = "<group>"; };
		82E99BF3244FE89C0006FED0 /* Info.plist */ = {isa = PBXFileReference; lastKnownFileType = text.plist.xml; path = Info.plist; sourceTree = "<group>"; };
		82E99BF4244FE89C0006FED0 /* main.m */ = {isa = PBXFileReference; lastKnownFileType = sourcecode.c.objc; path = main.m; sourceTree = "<group>"; };
		82E99BFF24503CEC0006FED0 /* CoreTelephony.framework */ = {isa = PBXFileReference; lastKnownFileType = wrapper.framework; name = CoreTelephony.framework; path = System/Library/Frameworks/CoreTelephony.framework; sourceTree = SDKROOT; };
		FEA7A9380F82215750BEF4EE /* Pods-MobileSpeed.debug.xcconfig */ = {isa = PBXFileReference; includeInIndex = 1; lastKnownFileType = text.xcconfig; name = "Pods-MobileSpeed.debug.xcconfig"; path = "Target Support Files/Pods-MobileSpeed/Pods-MobileSpeed.debug.xcconfig"; sourceTree = "<group>"; };
/* End PBXFileReference section */

/* Begin PBXFrameworksBuildPhase section */
		82E99BDC244FE8950006FED0 /* Frameworks */ = {
			isa = PBXFrameworksBuildPhase;
			buildActionMask = 2147483647;
			files = (
				82E99C0024503CEC0006FED0 /* CoreTelephony.framework in Frameworks */,
				820BD215248F83D4008D07DB /* MobileSpeedLib.framework in Frameworks */,
				82CEB345247F9EEA006DA307 /* CoreGraphics.framework in Frameworks */,
				82CEB33F247F9EC6006DA307 /* CFNetwork.framework in Frameworks */,
				825B5C8B247FAC9200F25260 /* libc++.tbd in Frameworks */,
				82CEB347247F9EF8006DA307 /* Foundation.framework in Frameworks */,
				82E5FD2A2607514300FE1296 /* Security.framework in Frameworks */,
				193B5B0E3A4BDC40C501FB53 /* Pods_MobileSpeed.framework in Frameworks */,
				82E5FD2B2607514A00FE1296 /* QuartzCore.framework in Frameworks */,
			);
			runOnlyForDeploymentPostprocessing = 0;
		};
/* End PBXFrameworksBuildPhase section */

/* Begin PBXGroup section */
		10D3522B5BF03E564992502D /* Frameworks */ = {
			isa = PBXGroup;
			children = (
				820BD214248F83D4008D07DB /* MobileSpeedLib.framework */,
				825B5C8A247FAC8A00F25260 /* libc++.tbd */,
				825B5C86247FABA100F25260 /* libstdc++.6.0.9.tbd */,
				82CEB346247F9EF8006DA307 /* Foundation.framework */,
				82CEB344247F9EEA006DA307 /* CoreGraphics.framework */,
				82CEB342247F9EDE006DA307 /* Security.framework */,
				82CEB340247F9ECD006DA307 /* QuartzCore.framework */,
				82CEB33E247F9EC6006DA307 /* CFNetwork.framework */,
				82E99BFF24503CEC0006FED0 /* CoreTelephony.framework */,
				1C8C37C91FA07B75BA6D84B4 /* Pods_MobileSpeed.framework */,
			);
			name = Frameworks;
			sourceTree = "<group>";
		};
		8205C2DB25E65F1000ED4533 /* Tools */ = {
			isa = PBXGroup;
			children = (
				8205C2DC25E65F1700ED4533 /* Swift */,
			);
			path = Tools;
			sourceTree = "<group>";
		};
		8205C2DC25E65F1700ED4533 /* Swift */ = {
			isa = PBXGroup;
			children = (
				8205C2DA25E65E8000ED4533 /* MobileSpeed-Bridging-Header.h */,
			);
			path = Swift;
			sourceTree = "<group>";
		};
		8265CBF02474094B001DADF6 /* SDK */ = {
			isa = PBXGroup;
			children = (
				8232338D248601F2005E2C0D /* MobileSpeedLib.framework */,
			);
			path = SDK;
			sourceTree = "<group>";
		};
		82E99BD6244FE8950006FED0 = {
			isa = PBXGroup;
			children = (
				10D3522B5BF03E564992502D /* Frameworks */,
				82E99BE1244FE8950006FED0 /* MobileSpeed */,
				8B4200037582D611B116AACD /* Pods */,
				82E99BE0244FE8950006FED0 /* Products */,
				8265CBF02474094B001DADF6 /* SDK */,
				8205C2DB25E65F1000ED4533 /* Tools */,
			);
			sourceTree = "<group>";
		};
		82E99BE0244FE8950006FED0 /* Products */ = {
			isa = PBXGroup;
			children = (
				82E99BDF244FE8950006FED0 /* MobileSpeed.app */,
			);
			name = Products;
			sourceTree = "<group>";
		};
		82E99BE1244FE8950006FED0 /* MobileSpeed */ = {
			isa = PBXGroup;
			children = (
				82E99BE2244FE8950006FED0 /* AppDelegate.h */,
				82E99BE3244FE8950006FED0 /* AppDelegate.m */,
				82E99BEE244FE89C0006FED0 /* Assets.xcassets */,
				82E99BF3244FE89C0006FED0 /* Info.plist */,
				82E99BF0244FE89C0006FED0 /* LaunchScreen.storyboard */,
				82E99BF4244FE89C0006FED0 /* main.m */,
				82E99BEB244FE8950006FED0 /* Main.storyboard */,
				82E99BE5244FE8950006FED0 /* SceneDelegate.h */,
				82E99BE6244FE8950006FED0 /* SceneDelegate.m */,
				82AE451E245138E300DEFD98 /* SpeedTestViewController.h */,
				82AE451F245138E300DEFD98 /* SpeedTestViewController.m */,
				82E99BE8244FE8950006FED0 /* ViewController.h */,
				82E99BE9244FE8950006FED0 /* ViewController.m */,
			);
			path = MobileSpeed;
			sourceTree = "<group>";
		};
		8B4200037582D611B116AACD /* Pods */ = {
			isa = PBXGroup;
			children = (
				FEA7A9380F82215750BEF4EE /* Pods-MobileSpeed.debug.xcconfig */,
				443B6810F3DE687332A8FB14 /* Pods-MobileSpeed.release.xcconfig */,
			);
			path = Pods;
			sourceTree = "<group>";
		};
/* End PBXGroup section */

/* Begin PBXNativeTarget section */
		82E99BDE244FE8950006FED0 /* MobileSpeed */ = {
			isa = PBXNativeTarget;
			buildConfigurationList = 82E99BF8244FE89C0006FED0 /* Build configuration list for PBXNativeTarget "MobileSpeed" */;
			buildPhases = (
				577DA696E9FA502C42632A14 /* [CP] Check Pods Manifest.lock */,
				82E99BDB244FE8950006FED0 /* Sources */,
				82E99BDC244FE8950006FED0 /* Frameworks */,
				82E99BDD244FE8950006FED0 /* Resources */,
				1C15DE9ECFE602D1182EB29D /* [CP] Embed Pods Frameworks */,
			);
			buildRules = (
			);
			dependencies = (
			);
			name = MobileSpeed;
			productName = MobileSpeed;
			productReference = 82E99BDF244FE8950006FED0 /* MobileSpeed.app */;
			productType = "com.apple.product-type.application";
		};
/* End PBXNativeTarget section */

/* Begin PBXProject section */
		82E99BD7244FE8950006FED0 /* Project object */ = {
			isa = PBXProject;
			attributes = {
				LastUpgradeCheck = 1140;
				ORGANIZATIONNAME = "邹程";
				TargetAttributes = {
					82E99BDE244FE8950006FED0 = {
						CreatedOnToolsVersion = 11.4.1;
						LastSwiftMigration = 1140;
					};
				};
			};
			buildConfigurationList = 82E99BDA244FE8950006FED0 /* Build configuration list for PBXProject "MobileSpeed" */;
			compatibilityVersion = "Xcode 9.3";
			developmentRegion = en;
			hasScannedForEncodings = 0;
			knownRegions = (
				en,
				Base,
			);
			mainGroup = 82E99BD6244FE8950006FED0;
			productRefGroup = 82E99BE0244FE8950006FED0 /* Products */;
			projectDirPath = "";
			projectRoot = "";
			targets = (
				82E99BDE244FE8950006FED0 /* MobileSpeed */,
			);
		};
/* End PBXProject section */

/* Begin PBXResourcesBuildPhase section */
		82E99BDD244FE8950006FED0 /* Resources */ = {
			isa = PBXResourcesBuildPhase;
			buildActionMask = 2147483647;
			files = (
				82E99BF2244FE89C0006FED0 /* LaunchScreen.storyboard in Resources */,
				82E99BEF244FE89C0006FED0 /* Assets.xcassets in Resources */,
				82E99BED244FE8960006FED0 /* Main.storyboard in Resources */,
			);
			runOnlyForDeploymentPostprocessing = 0;
		};
/* End PBXResourcesBuildPhase section */

/* Begin PBXShellScriptBuildPhase section */
		1C15DE9ECFE602D1182EB29D /* [CP] Embed Pods Frameworks */ = {
			isa = PBXShellScriptBuildPhase;
			buildActionMask = 2147483647;
			files = (
			);
			inputFileListPaths = (
				"${PODS_ROOT}/Target Support Files/Pods-MobileSpeed/Pods-MobileSpeed-frameworks-${CONFIGURATION}-input-files.xcfilelist",
			);
			name = "[CP] Embed Pods Frameworks";
			outputFileListPaths = (
				"${PODS_ROOT}/Target Support Files/Pods-MobileSpeed/Pods-MobileSpeed-frameworks-${CONFIGURATION}-output-files.xcfilelist",
			);
			runOnlyForDeploymentPostprocessing = 0;
			shellPath = /bin/sh;
			shellScript = "\"${PODS_ROOT}/Target Support Files/Pods-MobileSpeed/Pods-MobileSpeed-frameworks.sh\"\n";
			showEnvVarsInLog = 0;
		};
		577DA696E9FA502C42632A14 /* [CP] Check Pods Manifest.lock */ = {
			isa = PBXShellScriptBuildPhase;
			buildActionMask = 2147483647;
			files = (
			);
			inputFileListPaths = (
			);
			inputPaths = (
				"${PODS_PODFILE_DIR_PATH}/Podfile.lock",
				"${PODS_ROOT}/Manifest.lock",
			);
			name = "[CP] Check Pods Manifest.lock";
			outputFileListPaths = (
			);
			outputPaths = (
				"$(DERIVED_FILE_DIR)/Pods-MobileSpeed-checkManifestLockResult.txt",
			);
			runOnlyForDeploymentPostprocessing = 0;
			shellPath = /bin/sh;
			shellScript = "diff \"${PODS_PODFILE_DIR_PATH}/Podfile.lock\" \"${PODS_ROOT}/Manifest.lock\" > /dev/null\nif [ $? != 0 ] ; then\n    # print error to STDERR\n    echo \"error: The sandbox is not in sync with the Podfile.lock. Run 'pod install' or update your CocoaPods installation.\" >&2\n    exit 1\nfi\n# This output is used by Xcode 'outputs' to avoid re-running this script phase.\necho \"SUCCESS\" > \"${SCRIPT_OUTPUT_FILE_0}\"\n";
			showEnvVarsInLog = 0;
		};
/* End PBXShellScriptBuildPhase section */

/* Begin PBXSourcesBuildPhase section */
		82E99BDB244FE8950006FED0 /* Sources */ = {
			isa = PBXSourcesBuildPhase;
			buildActionMask = 2147483647;
			files = (
				82AE4520245138E300DEFD98 /* SpeedTestViewController.m in Sources */,
				82E99BEA244FE8950006FED0 /* ViewController.m in Sources */,
				82E99BE4244FE8950006FED0 /* AppDelegate.m in Sources */,
				82E99BF5244FE89C0006FED0 /* main.m in Sources */,
				82E99BE7244FE8950006FED0 /* SceneDelegate.m in Sources */,
			);
			runOnlyForDeploymentPostprocessing = 0;
		};
/* End PBXSourcesBuildPhase section */

/* Begin PBXVariantGroup section */
		82E99BEB244FE8950006FED0 /* Main.storyboard */ = {
			isa = PBXVariantGroup;
			children = (
				82E99BEC244FE8950006FED0 /* Base */,
			);
			name = Main.storyboard;
			sourceTree = "<group>";
		};
		82E99BF0244FE89C0006FED0 /* LaunchScreen.storyboard */ = {
			isa = PBXVariantGroup;
			children = (
				82E99BF1244FE89C0006FED0 /* Base */,
			);
			name = LaunchScreen.storyboard;
			sourceTree = "<group>";
		};
/* End PBXVariantGroup section */

/* Begin XCBuildConfiguration section */
		82E99BF6244FE89C0006FED0 /* Debug */ = {
			isa = XCBuildConfiguration;
			buildSettings = {
				ALWAYS_SEARCH_USER_PATHS = NO;
				CLANG_ANALYZER_NONNULL = YES;
				CLANG_ANALYZER_NUMBER_OBJECT_CONVERSION = YES_AGGRESSIVE;
				CLANG_CXX_LANGUAGE_STANDARD = "gnu++14";
				CLANG_CXX_LIBRARY = "libc++";
				CLANG_ENABLE_MODULES = YES;
				CLANG_ENABLE_OBJC_ARC = YES;
				CLANG_ENABLE_OBJC_WEAK = YES;
				CLANG_WARN_BLOCK_CAPTURE_AUTORELEASING = YES;
				CLANG_WARN_BOOL_CONVERSION = YES;
				CLANG_WARN_COMMA = YES;
				CLANG_WARN_CONSTANT_CONVERSION = YES;
				CLANG_WARN_DEPRECATED_OBJC_IMPLEMENTATIONS = YES;
				CLANG_WARN_DIRECT_OBJC_ISA_USAGE = YES_ERROR;
				CLANG_WARN_DOCUMENTATION_COMMENTS = YES;
				CLANG_WARN_EMPTY_BODY = YES;
				CLANG_WARN_ENUM_CONVERSION = YES;
				CLANG_WARN_INFINITE_RECURSION = YES;
				CLANG_WARN_INT_CONVERSION = YES;
				CLANG_WARN_NON_LITERAL_NULL_CONVERSION = YES;
				CLANG_WARN_OBJC_IMPLICIT_RETAIN_SELF = YES;
				CLANG_WARN_OBJC_LITERAL_CONVERSION = YES;
				CLANG_WARN_OBJC_ROOT_CLASS = YES_ERROR;
				CLANG_WARN_RANGE_LOOP_ANALYSIS = YES;
				CLANG_WARN_STRICT_PROTOTYPES = YES;
				CLANG_WARN_SUSPICIOUS_MOVE = YES;
				CLANG_WARN_UNGUARDED_AVAILABILITY = YES_AGGRESSIVE;
				CLANG_WARN_UNREACHABLE_CODE = YES;
				CLANG_WARN__DUPLICATE_METHOD_MATCH = YES;
				COPY_PHASE_STRIP = NO;
				DEBUG_INFORMATION_FORMAT = dwarf;
				ENABLE_STRICT_OBJC_MSGSEND = YES;
				ENABLE_TESTABILITY = YES;
				GCC_C_LANGUAGE_STANDARD = gnu11;
				GCC_DYNAMIC_NO_PIC = NO;
				GCC_NO_COMMON_BLOCKS = YES;
				GCC_OPTIMIZATION_LEVEL = 0;
				GCC_PREPROCESSOR_DEFINITIONS = (
					"DEBUG=1",
					"$(inherited)",
				);
				GCC_WARN_64_TO_32_BIT_CONVERSION = YES;
				GCC_WARN_ABOUT_RETURN_TYPE = YES_ERROR;
				GCC_WARN_UNDECLARED_SELECTOR = YES;
				GCC_WARN_UNINITIALIZED_AUTOS = YES_AGGRESSIVE;
				GCC_WARN_UNUSED_FUNCTION = YES;
				GCC_WARN_UNUSED_VARIABLE = YES;
				IPHONEOS_DEPLOYMENT_TARGET = 13.4;
				MTL_ENABLE_DEBUG_INFO = INCLUDE_SOURCE;
				MTL_FAST_MATH = YES;
				ONLY_ACTIVE_ARCH = YES;
				SDKROOT = iphoneos;
			};
			name = Debug;
		};
		82E99BF7244FE89C0006FED0 /* Release */ = {
			isa = XCBuildConfiguration;
			buildSettings = {
				ALWAYS_SEARCH_USER_PATHS = NO;
				CLANG_ANALYZER_NONNULL = YES;
				CLANG_ANALYZER_NUMBER_OBJECT_CONVERSION = YES_AGGRESSIVE;
				CLANG_CXX_LANGUAGE_STANDARD = "gnu++14";
				CLANG_CXX_LIBRARY = "libc++";
				CLANG_ENABLE_MODULES = YES;
				CLANG_ENABLE_OBJC_ARC = YES;
				CLANG_ENABLE_OBJC_WEAK = YES;
				CLANG_WARN_BLOCK_CAPTURE_AUTORELEASING = YES;
				CLANG_WARN_BOOL_CONVERSION = YES;
				CLANG_WARN_COMMA = YES;
				CLANG_WARN_CONSTANT_CONVERSION = YES;
				CLANG_WARN_DEPRECATED_OBJC_IMPLEMENTATIONS = YES;
				CLANG_WARN_DIRECT_OBJC_ISA_USAGE = YES_ERROR;
				CLANG_WARN_DOCUMENTATION_COMMENTS = YES;
				CLANG_WARN_EMPTY_BODY = YES;
				CLANG_WARN_ENUM_CONVERSION = YES;
				CLANG_WARN_INFINITE_RECURSION = YES;
				CLANG_WARN_INT_CONVERSION = YES;
				CLANG_WARN_NON_LITERAL_NULL_CONVERSION = YES;
				CLANG_WARN_OBJC_IMPLICIT_RETAIN_SELF = YES;
				CLANG_WARN_OBJC_LITERAL_CONVERSION = YES;
				CLANG_WARN_OBJC_ROOT_CLASS = YES_ERROR;
				CLANG_WARN_RANGE_LOOP_ANALYSIS = YES;
				CLANG_WARN_STRICT_PROTOTYPES = YES;
				CLANG_WARN_SUSPICIOUS_MOVE = YES;
				CLANG_WARN_UNGUARDED_AVAILABILITY = YES_AGGRESSIVE;
				CLANG_WARN_UNREACHABLE_CODE = YES;
				CLANG_WARN__DUPLICATE_METHOD_MATCH = YES;
				COPY_PHASE_STRIP = NO;
				DEBUG_INFORMATION_FORMAT = "dwarf-with-dsym";
				ENABLE_NS_ASSERTIONS = NO;
				ENABLE_STRICT_OBJC_MSGSEND = YES;
				GCC_C_LANGUAGE_STANDARD = gnu11;
				GCC_NO_COMMON_BLOCKS = YES;
				GCC_WARN_64_TO_32_BIT_CONVERSION = YES;
				GCC_WARN_ABOUT_RETURN_TYPE = YES_ERROR;
				GCC_WARN_UNDECLARED_SELECTOR = YES;
				GCC_WARN_UNINITIALIZED_AUTOS = YES_AGGRESSIVE;
				GCC_WARN_UNUSED_FUNCTION = YES;
				GCC_WARN_UNUSED_VARIABLE = YES;
				IPHONEOS_DEPLOYMENT_TARGET = 13.4;
				MTL_ENABLE_DEBUG_INFO = NO;
				MTL_FAST_MATH = YES;
				SDKROOT = iphoneos;
				VALIDATE_PRODUCT = YES;
			};
			name = Release;
		};
		82E99BF9244FE89C0006FED0 /* Debug */ = {
			isa = XCBuildConfiguration;
			baseConfigurationReference = FEA7A9380F82215750BEF4EE /* Pods-MobileSpeed.debug.xcconfig */;
			buildSettings = {
				ASSETCATALOG_COMPILER_APPICON_NAME = AppIcon;
				CLANG_ENABLE_MODULES = YES;
				CODE_SIGN_STYLE = Automatic;
				CURRENT_PROJECT_VERSION = 2020050900;
				DEVELOPMENT_TEAM = 5R6VM8JM74;
				FRAMEWORK_SEARCH_PATHS = (
					"$(inherited)",
					"$(PROJECT_DIR)/SDK",
				);
				INFOPLIST_FILE = MobileSpeed/Info.plist;
				IPHONEOS_DEPLOYMENT_TARGET = 10.0;
				LD_RUNPATH_SEARCH_PATHS = (
					"$(inherited)",
					"@executable_path/Frameworks",
				);
				LIBRARY_SEARCH_PATHS = "";
				MARKETING_VERSION = 1.0.0;
				ONLY_ACTIVE_ARCH = YES;
				OTHER_LDFLAGS = (
					"$(inherited)",
					"-framework",
					"\"Charts\"",
					"-framework",
					"\"CoreGraphics\"",
					"-framework",
					"\"Foundation\"",
					"-framework",
					"\"IQKeyboardManager\"",
					"-framework",
					"\"QuartzCore\"",
					"-framework",
					"\"UIKit\"",
					"-ObjC",
				);
				PRODUCT_BUNDLE_IDENTIFIER = MobileSpeed;
				PRODUCT_NAME = "$(TARGET_NAME)";
				SWIFT_OBJC_BRIDGING_HEADER = "Tools/Swift/MobileSpeed-Bridging-Header.h";
				SWIFT_OPTIMIZATION_LEVEL = "-Onone";
				SWIFT_VERSION = 5.0;
				TARGETED_DEVICE_FAMILY = 1;
				USER_HEADER_SEARCH_PATHS = "";
				VALID_ARCHS = "arm64 arm64e armv7 armv7s";
			};
			name = Debug;
		};
		82E99BFA244FE89C0006FED0 /* Release */ = {
			isa = XCBuildConfiguration;
			baseConfigurationReference = 443B6810F3DE687332A8FB14 /* Pods-MobileSpeed.release.xcconfig */;
			buildSettings = {
				ASSETCATALOG_COMPILER_APPICON_NAME = AppIcon;
				CLANG_ENABLE_MODULES = YES;
				CODE_SIGN_STYLE = Automatic;
				CURRENT_PROJECT_VERSION = 2020050900;
				DEVELOPMENT_TEAM = 5R6VM8JM74;
				FRAMEWORK_SEARCH_PATHS = (
					"$(inherited)",
					"$(PROJECT_DIR)/SDK",
				);
				INFOPLIST_FILE = MobileSpeed/Info.plist;
				IPHONEOS_DEPLOYMENT_TARGET = 10.0;
				LD_RUNPATH_SEARCH_PATHS = (
					"$(inherited)",
					"@executable_path/Frameworks",
				);
				LIBRARY_SEARCH_PATHS = "";
				MARKETING_VERSION = 1.0.0;
				ONLY_ACTIVE_ARCH = NO;
				OTHER_LDFLAGS = (
					"$(inherited)",
					"-framework",
					"\"Charts\"",
					"-framework",
					"\"CoreGraphics\"",
					"-framework",
					"\"Foundation\"",
					"-framework",
					"\"IQKeyboardManager\"",
					"-framework",
					"\"QuartzCore\"",
					"-framework",
					"\"UIKit\"",
					"-ObjC",
				);
				PRODUCT_BUNDLE_IDENTIFIER = MobileSpeed;
				PRODUCT_NAME = "$(TARGET_NAME)";
				SWIFT_OBJC_BRIDGING_HEADER = "Tools/Swift/MobileSpeed-Bridging-Header.h";
				SWIFT_VERSION = 5.0;
				TARGETED_DEVICE_FAMILY = 1;
				USER_HEADER_SEARCH_PATHS = "";
				VALID_ARCHS = "arm64 arm64e armv7 armv7s";
			};
			name = Release;
		};
/* End XCBuildConfiguration section */

/* Begin XCConfigurationList section */
		82E99BDA244FE8950006FED0 /* Build configuration list for PBXProject "MobileSpeed" */ = {
			isa = XCConfigurationList;
			buildConfigurations = (
				82E99BF6244FE89C0006FED0 /* Debug */,
				82E99BF7244FE89C0006FED0 /* Release */,
			);
			defaultConfigurationIsVisible = 0;
			defaultConfigurationName = Release;
		};
		82E99BF8244FE89C0006FED0 /* Build configuration list for PBXNativeTarget "MobileSpeed" */ = {
			isa = XCConfigurationList;
			buildConfigurations = (
				82E99BF9244FE89C0006FED0 /* Debug */,
				82E99BFA244FE89C0006FED0 /* Release */,
			);
			defaultConfigurationIsVisible = 0;
			defaultConfigurationName = Release;
		};
/* End XCConfigurationList section */
	};
	rootObject = 82E99BD7244FE8950006FED0 /* Project object */;
}
